{
  "requires": true,
  "lockfileVersion": 1,
  "dependencies": {
    "jquery": {
      "version": "3.6.0",
      "resolved": "https://registry.npmjs.org/jquery/-/jquery-3.6.0.tgz",
      "integrity": "sha512-JVzAR/AjBvVt2BmYhxRCSYysDsPcssdmTFnzyLEts9qNwmjmu4JTAMYubEfwVOSwpQ1I1sKKFcxhZCI2buerfw=="
    },
    "select2": {
      "version": "4.0.13",
      "resolved": "https://registry.npmjs.org/select2/-/select2-4.0.13.tgz",
      "integrity": "sha512-1JeB87s6oN/TDxQQYCvS5EFoQyvV6eYMZZ0AeA4tdFDYWN3BAGZ8npr17UBFddU0lgAt3H0yjX3X6/ekOj1yjw=="
    },
    "v-select2-component": {
      "version": "0.4.7",
      "resolved": "https://registry.npmjs.org/v-select2-component/-/v-select2-component-0.4.7.tgz",
      "integrity": "sha512-z/juA8qlRj8u66ktJ0CupUgtNbe63YT+EzqNjq3HwJkTbAE87d2By+L0rSqfLGKtBBAQ4T56Sk7QOMSvRw9OsQ==",
      "requires": {
        "jquery": "^3.3.1",
        "select2": "^4.0.7-rc.0"
      }
    },
    "vue-select": {
      "version": "3.18.3",
      "resolved": "https://registry.npmjs.org/vue-select/-/vue-select-3.18.3.tgz",
      "integrity": "sha512-nKmwxEDO4RRoZ6lWkkVE2bpgne7IJSRzSh1pIawLI7dJLZbtJuSgA0xGaLrT0pUp+JYHBDul242PwOBDHi28vg=="
    },
    "vue-select2": {
      "version": "0.2.6",
      "resolved": "https://registry.npmjs.org/vue-select2/-/vue-select2-0.2.6.tgz",
      "integrity": "sha1-09u/9lbXq3VbOs7kinJe/R/Q/Bs="
    }
  }
}
